# generated by rye
# use `rye lock` or `rye sync` to update this lockfile
#
# last locked with the following flags:
#   pre: false
#   features: []
#   all-features: false
#   with-sources: false

-e file:.
aiohttp==3.9.5
    # via langchain
    # via langchain-community
aiosignal==1.3.1
    # via aiohttp
annotated-types==0.7.0
    # via pydantic
anthropic==0.28.1
    # via langchain-anthropic
anyio==4.4.0
    # via anthropic
    # via groq
    # via httpx
    # via openai
attrs==23.2.0
    # via aiohttp
babel==2.15.0
    # via courlan
beautifulsoup4==4.12.3
    # via google
    # via scrapegraphai
boto3==1.34.129
    # via langchain-aws
botocore==1.34.129
    # via boto3
    # via s3transfer
cachetools==5.3.3
    # via google-auth
certifi==2024.6.2
    # via httpcore
    # via httpx
    # via requests
    # via trafilatura
charset-normalizer==3.3.2
    # via htmldate
    # via requests
    # via trafilatura
courlan==1.2.0
    # via trafilatura
dataclasses-json==0.6.7
    # via langchain
    # via langchain-community
dateparser==1.2.0
    # via htmldate
defusedxml==0.7.1
    # via langchain-anthropic
distro==1.9.0
    # via anthropic
    # via groq
    # via openai
faiss-cpu==1.8.0
    # via scrapegraphai
filelock==3.15.3
    # via huggingface-hub
free-proxy==1.1.1
    # via scrapegraphai
frozenlist==1.4.1
    # via aiohttp
    # via aiosignal
fsspec==2024.6.0
    # via huggingface-hub
google==3.0.0
    # via scrapegraphai
google-ai-generativelanguage==0.6.4
    # via google-generativeai
google-api-core==2.19.0
    # via google-ai-generativelanguage
    # via google-api-python-client
    # via google-generativeai
google-api-python-client==2.134.0
    # via google-generativeai
google-auth==2.30.0
    # via google-ai-generativelanguage
    # via google-api-core
    # via google-api-python-client
    # via google-auth-httplib2
    # via google-generativeai
google-auth-httplib2==0.2.0
    # via google-api-python-client
google-generativeai==0.5.4
    # via langchain-google-genai
googleapis-common-protos==1.63.1
    # via google-api-core
    # via grpcio-status
graphviz==0.20.3
    # via scrapegraphai
greenlet==3.0.3
    # via playwright
groq==0.9.0
    # via langchain-groq
grpcio==1.64.1
    # via google-api-core
    # via grpcio-status
grpcio-status==1.62.2
    # via google-api-core
h11==0.14.0
    # via httpcore
html2text==2024.2.26
    # via scrapegraphai
htmldate==1.8.1
    # via trafilatura
httpcore==1.0.5
    # via httpx
httplib2==0.22.0
    # via google-api-python-client
    # via google-auth-httplib2
httpx==0.27.0
    # via anthropic
    # via groq
    # via openai
huggingface-hub==0.23.4
    # via tokenizers
idna==3.7
    # via anyio
    # via httpx
    # via requests
    # via yarl
jiter==0.4.2
    # via anthropic
jmespath==1.0.1
    # via boto3
    # via botocore
jsonpatch==1.33
    # via langchain
    # via langchain-core
jsonpointer==3.0.0
    # via jsonpatch
justext==3.0.1
    # via trafilatura
langchain==0.1.15
    # via scrapegraphai
langchain-anthropic==0.1.11
    # via scrapegraphai
langchain-aws==0.1.3
    # via scrapegraphai
langchain-community==0.0.38
    # via langchain
langchain-core==0.1.52
    # via langchain
    # via langchain-anthropic
    # via langchain-aws
    # via langchain-community
    # via langchain-google-genai
    # via langchain-groq
    # via langchain-openai
    # via langchain-text-splitters
langchain-google-genai==1.0.3
    # via scrapegraphai
langchain-groq==0.1.3
    # via scrapegraphai
langchain-openai==0.1.6
    # via scrapegraphai
langchain-text-splitters==0.0.2
    # via langchain
langsmith==0.1.80
    # via langchain
    # via langchain-community
    # via langchain-core
lxml==5.2.2
    # via free-proxy
    # via htmldate
    # via justext
    # via lxml-html-clean
    # via trafilatura
lxml-html-clean==0.1.1
    # via lxml
marshmallow==3.21.3
    # via dataclasses-json
minify-html==0.15.0
    # via scrapegraphai
multidict==6.0.5
    # via aiohttp
    # via yarl
mypy-extensions==1.0.0
    # via typing-inspect
numpy==1.26.4
    # via faiss-cpu
    # via langchain
    # via langchain-aws
    # via langchain-community
    # via pandas
openai==1.35.0
    # via langchain-openai
orjson==3.10.5
    # via langsmith
packaging==23.2
    # via huggingface-hub
    # via langchain-core
    # via marshmallow
pandas==2.2.2
    # via scrapegraphai
playwright==1.43.0
    # via scrapegraphai
    # via undetected-playwright
proto-plus==1.24.0
    # via google-ai-generativelanguage
    # via google-api-core
protobuf==4.25.3
    # via google-ai-generativelanguage
    # via google-api-core
    # via google-generativeai
    # via googleapis-common-protos
    # via grpcio-status
    # via proto-plus
pyasn1==0.6.0
    # via pyasn1-modules
    # via rsa
pyasn1-modules==0.4.0
    # via google-auth
pydantic==2.7.4
    # via anthropic
    # via google-generativeai
    # via groq
    # via langchain
    # via langchain-core
    # via langsmith
    # via openai
pydantic-core==2.18.4
    # via pydantic
pyee==11.1.0
    # via playwright
pyparsing==3.1.2
    # via httplib2
python-dateutil==2.9.0.post0
    # via botocore
    # via dateparser
    # via htmldate
    # via pandas
python-dotenv==1.0.1
    # via scrapegraphai
pytz==2024.1
    # via dateparser
    # via pandas
pyyaml==6.0.1
    # via huggingface-hub
    # via langchain
    # via langchain-community
    # via langchain-core
regex==2024.5.15
    # via dateparser
    # via tiktoken
requests==2.32.3
    # via free-proxy
    # via google-api-core
    # via huggingface-hub
    # via langchain
    # via langchain-community
    # via langsmith
    # via tiktoken
rsa==4.9
    # via google-auth
s3transfer==0.10.1
    # via boto3
semchunk==1.0.1
    # via scrapegraphai
six==1.16.0
    # via python-dateutil
sniffio==1.3.1
    # via anthropic
    # via anyio
    # via groq
    # via httpx
    # via openai
soupsieve==2.5
    # via beautifulsoup4
sqlalchemy==2.0.31
    # via langchain
    # via langchain-community
tenacity==8.4.1
    # via langchain
    # via langchain-community
    # via langchain-core
tiktoken==0.6.0
    # via langchain-openai
    # via scrapegraphai
tld==0.13
    # via courlan
tokenizers==0.19.1
    # via anthropic
tqdm==4.66.4
    # via google-generativeai
    # via huggingface-hub
    # via openai
    # via scrapegraphai
    # via semchunk
trafilatura==1.10.0
    # via scrapegraphai
typing-extensions==4.12.2
    # via anthropic
    # via google-generativeai
    # via groq
    # via huggingface-hub
    # via openai
    # via pydantic
    # via pydantic-core
    # via pyee
    # via sqlalchemy
    # via typing-inspect
typing-inspect==0.9.0
    # via dataclasses-json
tzdata==2024.1
    # via pandas
tzlocal==5.2
    # via dateparser
undetected-playwright==0.3.0
    # via scrapegraphai
uritemplate==4.1.1
    # via google-api-python-client
urllib3==2.2.2
    # via botocore
    # via courlan
    # via htmldate
    # via requests
    # via trafilatura
yarl==1.9.4
    # via aiohttp
